
Microsoft Visual Studio Solution File, Format Version 12.00
# Visual Studio 15
VisualStudioVersion = 15.0.28307.960
MinimumVisualStudioVersion = 10.0.40219.1
Project("{FAE04EC0-301F-11D3-BF4B-00C04F79EFBC}") = "100page 4-1", "100page 4-1\100page 4-1.csproj", "{285C887C-DA80-4333-99C7-B50CB583206E}"
EndProject
Global
	GlobalSection(SolutionConfigurationPlatforms) = preSolution
		Debug|Any CPU = Debug|Any CPU
		Release|Any CPU = Release|Any CPU
	EndGlobalSection
	GlobalSection(ProjectConfigurationPlatforms) = postSolution
		{285C887C-DA80-4333-99C7-B50CB583206E}.Debug|Any CPU.ActiveCfg = Debug|Any CPU
		{285C887C-DA80-4333-99C7-B50CB583206E}.Debug|Any CPU.Build.0 = Debug|Any CPU
		{285C887C-DA80-4333-99C7-B50CB583206E}.Release|Any CPU.ActiveCfg = Release|Any CPU
		{285C887C-DA80-4333-99C7-B50CB583206E}.Release|Any CPU.Build.0 = Release|Any CPU
	EndGlobalSection
	GlobalSection(SolutionProperties) = preSolution
		HideSolutionNode = FALSE
	EndGlobalSection
	GlobalSection(ExtensibilityGlobals) = postSolution
		SolutionGuid = {BCC3D846-3E55-48F5-9753-D62BF38AC7AD}
	EndGlobalSection
EndGlobal
